
Microsoft Visual Studio Solution File, Format Version 12.00
# Visual Studio 2013
VisualStudioVersion = 12.0.30501.0
MinimumVisualStudioVersion = 10.0.40219.1
Project("{FAE04EC0-301F-11D3-BF4B-00C04F79EFBC}") = "RemoteLab", "RemoteLab\RemoteLab.csproj", "{2A1E52E9-88EF-4C6C-8C25-8A87BF9F1DF6}"
EndProject
Project("{FAE04EC0-301F-11D3-BF4B-00C04F79EFBC}") = "RemoteLab.DirectoryServices", "RemoteLab.DirectoryServices\RemoteLab.DirectoryServices.csproj", "{4F9FD602-625D-401B-8B15-944361EF36DE}"
EndProject
Project("{FAE04EC0-301F-11D3-BF4B-00C04F79EFBC}") = "RemoteLab.ComputerManagement", "RemoteLab.ComputerManagement\RemoteLab.ComputerManagement.csproj", "{61D0698F-9912-4DEA-AC2F-221D528CC770}"
EndProject
Global
	GlobalSection(SolutionConfigurationPlatforms) = preSolution
		Debug|Any CPU = Debug|Any CPU
		Deploy|Any CPU = Deploy|Any CPU
		Release|Any CPU = Release|Any CPU
	EndGlobalSection
	GlobalSection(ProjectConfigurationPlatforms) = postSolution
		{2A1E52E9-88EF-4C6C-8C25-8A87BF9F1DF6}.Debug|Any CPU.ActiveCfg = Debug|Any CPU
		{2A1E52E9-88EF-4C6C-8C25-8A87BF9F1DF6}.Debug|Any CPU.Build.0 = Debug|Any CPU
		{2A1E52E9-88EF-4C6C-8C25-8A87BF9F1DF6}.Deploy|Any CPU.ActiveCfg = Deploy|Any CPU
		{2A1E52E9-88EF-4C6C-8C25-8A87BF9F1DF6}.Deploy|Any CPU.Build.0 = Deploy|Any CPU
		{2A1E52E9-88EF-4C6C-8C25-8A87BF9F1DF6}.Deploy|Any CPU.Deploy.0 = Deploy|Any CPU
		{2A1E52E9-88EF-4C6C-8C25-8A87BF9F1DF6}.Release|Any CPU.ActiveCfg = Release|Any CPU
		{2A1E52E9-88EF-4C6C-8C25-8A87BF9F1DF6}.Release|Any CPU.Build.0 = Release|Any CPU
		{4F9FD602-625D-401B-8B15-944361EF36DE}.Debug|Any CPU.ActiveCfg = Debug|Any CPU
		{4F9FD602-625D-401B-8B15-944361EF36DE}.Debug|Any CPU.Build.0 = Debug|Any CPU
		{4F9FD602-625D-401B-8B15-944361EF36DE}.Deploy|Any CPU.ActiveCfg = Deploy|Any CPU
		{4F9FD602-625D-401B-8B15-944361EF36DE}.Deploy|Any CPU.Build.0 = Deploy|Any CPU
		{4F9FD602-625D-401B-8B15-944361EF36DE}.Release|Any CPU.ActiveCfg = Release|Any CPU
		{4F9FD602-625D-401B-8B15-944361EF36DE}.Release|Any CPU.Build.0 = Release|Any CPU
		{61D0698F-9912-4DEA-AC2F-221D528CC770}.Debug|Any CPU.ActiveCfg = Debug|Any CPU
		{61D0698F-9912-4DEA-AC2F-221D528CC770}.Debug|Any CPU.Build.0 = Debug|Any CPU
		{61D0698F-9912-4DEA-AC2F-221D528CC770}.Deploy|Any CPU.ActiveCfg = Deploy|Any CPU
		{61D0698F-9912-4DEA-AC2F-221D528CC770}.Deploy|Any CPU.Build.0 = Deploy|Any CPU
		{61D0698F-9912-4DEA-AC2F-221D528CC770}.Deploy|Any CPU.Deploy.0 = Deploy|Any CPU
		{61D0698F-9912-4DEA-AC2F-221D528CC770}.Release|Any CPU.ActiveCfg = Release|Any CPU
		{61D0698F-9912-4DEA-AC2F-221D528CC770}.Release|Any CPU.Build.0 = Release|Any CPU
	EndGlobalSection
	GlobalSection(SolutionProperties) = preSolution
		HideSolutionNode = FALSE
	EndGlobalSection
EndGlobal
